{
  "name": "@good-food/contracts",
  "version": "1.1.1",
  "lockfileVersion": 3,
  "requires": true,
  "packages": {
    "": {
      "name": "@good-food/contracts",
      "version": "1.1.1",
      "license": "UNLICENSED",
      "dependencies": {
        "@ts-rest/core": "^3.51.0",
        "zod": "^3.25.76"
      },
      "devDependencies": {
        "typescript": "^5.9.3"
      }
    },
    "node_modules/@ts-rest/core": {
      "version": "3.52.1",
      "resolved": "https://registry.npmjs.org/@ts-rest/core/-/core-3.52.1.tgz",
      "integrity": "sha512-tAjz7Kxq/grJodcTA1Anop4AVRDlD40fkksEV5Mmal88VoZeRKAG8oMHsDwdwPZz+B/zgnz0q2sF+cm5M7Bc7g==",
      "license": "MIT",
      "peerDependencies": {
        "@types/node": "^18.18.7 || >=20.8.4",
        "zod": "^3.22.3"
      },
      "peerDependenciesMeta": {
        "@types/node": {
          "optional": true
        },
        "zod": {
          "optional": true
        }
      }
    },
    "node_modules/typescript": {
      "version": "5.9.3",
      "resolved": "https://registry.npmjs.org/typescript/-/typescript-5.9.3.tgz",
      "integrity": "sha512-jl1vZzPDinLr9eUt3J/t7V6FgNEw9QjvBPdysz9KfQDD41fQrC2Y4vKQdiaUpFT4bXlb1RHhLpp8wtm6M5TgSw==",
      "dev": true,
      "license": "Apache-2.0",
      "bin": {
        "tsc": "bin/tsc",
        "tsserver": "bin/tsserver"
      },
      "engines": {
        "node": ">=14.17"
      }
    },
    "node_modules/zod": {
      "version": "3.25.76",
      "resolved": "https://registry.npmjs.org/zod/-/zod-3.25.76.tgz",
      "integrity": "sha512-gzUt/qt81nXsFGKIFcC3YnfEAx5NkunCfnDlvuBSSFS02bcXu4Lmea0AFIUwbLWxWPx3d9p8S5QoaujKcNQxcQ==",
      "license": "MIT",
      "peer": true,
      "funding": {
        "url": "https://github.com/sponsors/colinhacks"
      }
    }
  }
}
