lockfileVersion: '9.0'

settings:
  autoInstallPeers: true
  excludeLinksFromLockfile: false

importers:

  .:
    dependencies:
      '@ts-rest/core':
        specifier: ^3.51.0
        version: 3.52.1(zod@3.25.76)
      zod:
        specifier: ^3.24.0
        version: 3.25.76
    devDependencies:
      typescript:
        specifier: ^5.9.3
        version: 5.9.3

packages:

  '@ts-rest/core@3.52.1':
    resolution: {integrity: sha512-tAjz7Kxq/grJodcTA1Anop4AVRDlD40fkksEV5Mmal88VoZeRKAG8oMHsDwdwPZz+B/zgnz0q2sF+cm5M7Bc7g==}
    peerDependencies:
      '@types/node': ^18.18.7 || >=20.8.4
      zod: ^3.22.3
    peerDependenciesMeta:
      '@types/node':
        optional: true
      zod:
        optional: true

  typescript@5.9.3:
    resolution: {integrity: sha512-jl1vZzPDinLr9eUt3J/t7V6FgNEw9QjvBPdysz9KfQDD41fQrC2Y4vKQdiaUpFT4bXlb1RHhLpp8wtm6M5TgSw==}
    engines: {node: '>=14.17'}
    hasBin: true

  zod@3.25.76:
    resolution: {integrity: sha512-gzUt/qt81nXsFGKIFcC3YnfEAx5NkunCfnDlvuBSSFS02bcXu4Lmea0AFIUwbLWxWPx3d9p8S5QoaujKcNQxcQ==}

snapshots:

  '@ts-rest/core@3.52.1(zod@3.25.76)':
    optionalDependencies:
      zod: 3.25.76

  typescript@5.9.3: {}

  zod@3.25.76: {}
